
Microsoft Visual Studio Solution File, Format Version 11.00
# Visual Studio 2010
Project("{FAE04EC0-301F-11D3-BF4B-00C04F79EFBC}") = "Assembly-CSharp", "Assembly-CSharp.csproj", "{d94c7811-80f4-cb6d-8fdf-a338a6919976}"
EndProject
Project("{FAE04EC0-301F-11D3-BF4B-00C04F79EFBC}") = "Assembly-CSharp-Editor", "Assembly-CSharp-Editor.csproj", "{5e1828ec-ca13-cecd-646b-04af0f3efcd8}"
EndProject
Global
	GlobalSection(SolutionConfigurationPlatforms) = preSolution
		Debug|Any CPU = Debug|Any CPU
	EndGlobalSection
	GlobalSection(ProjectConfigurationPlatforms) = postSolution
		{d94c7811-80f4-cb6d-8fdf-a338a6919976}.Debug|Any CPU.ActiveCfg = Debug|Any CPU
		{d94c7811-80f4-cb6d-8fdf-a338a6919976}.Debug|Any CPU.Build.0 = Debug|Any CPU
		{5e1828ec-ca13-cecd-646b-04af0f3efcd8}.Debug|Any CPU.ActiveCfg = Debug|Any CPU
		{5e1828ec-ca13-cecd-646b-04af0f3efcd8}.Debug|Any CPU.Build.0 = Debug|Any CPU
	EndGlobalSection
	GlobalSection(SolutionProperties) = preSolution
		HideSolutionNode = FALSE
	EndGlobalSection
EndGlobal
